{
  "name": "skk-test-codemirror5-current",
  "lockfileVersion": 3,
  "requires": true,
  "packages": {
    "": {
      "name": "skk-test-codemirror5-current",
      "dependencies": {
        "codemirror5": "npm:codemirror@5.65.21"
      },
      "devDependencies": {
        "@types/codemirror": "5.60.18"
      }
    },
    "node_modules/@types/codemirror": {
      "version": "5.60.18",
      "resolved": "https://registry.npmjs.org/@types/codemirror/-/codemirror-5.60.18.tgz",
      "integrity": "sha512-aSBOPXH2PXRYixxUpVP1sJ5+S0vEfKDvR+lABZ7Kju/9Qb0SSbZk72NihWaKoQbANyibs92q4DBfYasywxnNkA==",
      "dev": true,
      "license": "MIT",
      "dependencies": {
        "@types/tern": "*"
      }
    },
    "node_modules/@types/estree": {
      "version": "1.0.9",
      "resolved": "https://registry.npmjs.org/@types/estree/-/estree-1.0.9.tgz",
      "integrity": "sha512-GhdPgy1el4/ImP05X05Uw4cw2/M93BCUmnEvWZNStlCzEKME4Fkk+YpoA5OiHNQmoS7Cafb8Xa3Pya8m1Qrzeg==",
      "dev": true,
      "license": "MIT"
    },
    "node_modules/@types/tern": {
      "version": "0.23.9",
      "resolved": "https://registry.npmjs.org/@types/tern/-/tern-0.23.9.tgz",
      "integrity": "sha512-ypzHFE/wBzh+BlH6rrBgS5I/Z7RD21pGhZ2rltb/+ZrVM1awdZwjx7hE5XfuYgHWk9uvV5HLZN3SloevCAp3Bw==",
      "dev": true,
      "license": "MIT",
      "dependencies": {
        "@types/estree": "*"
      }
    },
    "node_modules/codemirror5": {
      "name": "codemirror",
      "version": "5.65.21",
      "resolved": "https://registry.npmjs.org/codemirror/-/codemirror-5.65.21.tgz",
      "integrity": "sha512-6teYk0bA0nR3QP0ihGMoxuKzpl5W80FpnHpBJpgy66NK3cZv5b/d/HY8PnRvfSsCG1MTfr92u2WUl+wT0E40mQ==",
      "license": "MIT"
    }
  }
}
