{
  "name": "skk-test-codemirror5-legacy",
  "lockfileVersion": 3,
  "requires": true,
  "packages": {
    "": {
      "name": "skk-test-codemirror5-legacy",
      "dependencies": {
        "codemirror5": "npm:codemirror@5.58.3"
      }
    },
    "node_modules/codemirror5": {
      "name": "codemirror",
      "version": "5.58.3",
      "resolved": "https://registry.npmjs.org/codemirror/-/codemirror-5.58.3.tgz",
      "integrity": "sha512-KBhB+juiyOOgn0AqtRmWyAT3yoElkuvWTI6hsHa9E6GQrl6bk/fdAYcvuqW1/upO9T9rtEtapWdw4XYcNiVDEA==",
      "license": "MIT"
    }
  }
}
