{
  "name": "skk-test-tiptap-legacy",
  "lockfileVersion": 3,
  "requires": true,
  "packages": {
    "": {
      "name": "skk-test-tiptap-legacy",
      "dependencies": {
        "@tiptap/core": "2.11.5",
        "@tiptap/pm": "2.11.5",
        "@tiptap/starter-kit": "2.11.5",
        "prosemirror-state": "1.4.3"
      }
    },
    "node_modules/@remirror/core-constants": {
      "version": "3.0.0",
      "resolved": "https://registry.npmjs.org/@remirror/core-constants/-/core-constants-3.0.0.tgz",
      "integrity": "sha512-42aWfPrimMfDKDi4YegyS7x+/0tlzaqwPQCULLanv3DMIlu96KTJR0fM5isWX2UViOqlGnX6YFgqWepcX+XMNg==",
      "license": "MIT"
    },
    "node_modules/@tiptap/core": {
      "version": "2.11.5",
      "resolved": "https://registry.npmjs.org/@tiptap/core/-/core-2.11.5.tgz",
      "integrity": "sha512-jb0KTdUJaJY53JaN7ooY3XAxHQNoMYti/H6ANo707PsLXVeEqJ9o8+eBup1JU5CuwzrgnDc2dECt2WIGX9f8Jw==",
      "license": "MIT",
      "funding": {
        "type": "github",
        "url": "https://github.com/sponsors/ueberdosis"
      },
      "peerDependencies": {
        "@tiptap/pm": "^2.7.0"
      }
    },
    "node_modules/@tiptap/extension-blockquote": {
      "version": "2.11.5",
      "resolved": "https://registry.npmjs.org/@tiptap/extension-blockquote/-/extension-blockquote-2.11.5.tgz",
      "integrity": "sha512-MZfcRIzKRD8/J1hkt/eYv49060GTL6qGR3NY/oTDuw2wYzbQXXLEbjk8hxAtjwNn7G+pWQv3L+PKFzZDxibLuA==",
      "license": "MIT",
      "funding": {
        "type": "github",
        "url": "https://github.com/sponsors/ueberdosis"
      },
      "peerDependencies": {
        "@tiptap/core": "^2.7.0"
      }
    },
    "node_modules/@tiptap/extension-bold": {
      "version": "2.11.5",
      "resolved": "https://registry.npmjs.org/@tiptap/extension-bold/-/extension-bold-2.11.5.tgz",
      "integrity": "sha512-OAq03MHEbl7MtYCUzGuwb0VpOPnM0k5ekMbEaRILFU5ZC7cEAQ36XmPIw1dQayrcuE8GZL35BKub2qtRxyC9iA==",
      "license": "MIT",
      "funding": {
        "type": "github",
        "url": "https://github.com/sponsors/ueberdosis"
      },
      "peerDependencies": {
        "@tiptap/core": "^2.7.0"
      }
    },
    "node_modules/@tiptap/extension-bullet-list": {
      "version": "2.11.5",
      "resolved": "https://registry.npmjs.org/@tiptap/extension-bullet-list/-/extension-bullet-list-2.11.5.tgz",
      "integrity": "sha512-VXwHlX6A/T6FAspnyjbKDO0TQ+oetXuat6RY1/JxbXphH42nLuBaGWJ6pgy6xMl6XY8/9oPkTNrfJw/8/eeRwA==",
      "license": "MIT",
      "funding": {
        "type": "github",
        "url": "https://github.com/sponsors/ueberdosis"
      },
      "peerDependencies": {
        "@tiptap/core": "^2.7.0"
      }
    },
    "node_modules/@tiptap/extension-code": {
      "version": "2.11.5",
      "resolved": "https://registry.npmjs.org/@tiptap/extension-code/-/extension-code-2.11.5.tgz",
      "integrity": "sha512-xOvHevNIQIcCCVn9tpvXa1wBp0wHN/2umbAZGTVzS+AQtM7BTo0tz8IyzwxkcZJaImONcUVYLOLzt2AgW1LltA==",
      "license": "MIT",
      "funding": {
        "type": "github",
        "url": "https://github.com/sponsors/ueberdosis"
      },
      "peerDependencies": {
        "@tiptap/core": "^2.7.0"
      }
    },
    "node_modules/@tiptap/extension-code-block": {
      "version": "2.11.5",
      "resolved": "https://registry.npmjs.org/@tiptap/extension-code-block/-/extension-code-block-2.11.5.tgz",
      "integrity": "sha512-ksxMMvqLDlC+ftcQLynqZMdlJT1iHYZorXsXw/n+wuRd7YElkRkd6YWUX/Pq/njFY6lDjKiqFLEXBJB8nrzzBA==",
      "license": "MIT",
      "funding": {
        "type": "github",
        "url": "https://github.com/sponsors/ueberdosis"
      },
      "peerDependencies": {
        "@tiptap/core": "^2.7.0",
        "@tiptap/pm": "^2.7.0"
      }
    },
    "node_modules/@tiptap/extension-document": {
      "version": "2.11.5",
      "resolved": "https://registry.npmjs.org/@tiptap/extension-document/-/extension-document-2.11.5.tgz",
      "integrity": "sha512-7I4BRTpIux2a0O2qS3BDmyZ5LGp3pszKbix32CmeVh7lN9dV7W5reDqtJJ9FCZEEF+pZ6e1/DQA362dflwZw2g==",
      "license": "MIT",
      "funding": {
        "type": "github",
        "url": "https://github.com/sponsors/ueberdosis"
      },
      "peerDependencies": {
        "@tiptap/core": "^2.7.0"
      }
    },
    "node_modules/@tiptap/extension-dropcursor": {
      "version": "2.11.5",
      "resolved": "https://registry.npmjs.org/@tiptap/extension-dropcursor/-/extension-dropcursor-2.11.5.tgz",
      "integrity": "sha512-uIN7L3FU0904ec7FFFbndO7RQE/yiON4VzAMhNn587LFMyWO8US139HXIL4O8dpZeYwYL3d1FnDTflZl6CwLlg==",
      "license": "MIT",
      "funding": {
        "type": "github",
        "url": "https://github.com/sponsors/ueberdosis"
      },
      "peerDependencies": {
        "@tiptap/core": "^2.7.0",
        "@tiptap/pm": "^2.7.0"
      }
    },
    "node_modules/@tiptap/extension-gapcursor": {
      "version": "2.11.5",
      "resolved": "https://registry.npmjs.org/@tiptap/extension-gapcursor/-/extension-gapcursor-2.11.5.tgz",
      "integrity": "sha512-kcWa+Xq9cb6lBdiICvLReuDtz/rLjFKHWpW3jTTF3FiP3wx4H8Rs6bzVtty7uOVTfwupxZRiKICAMEU6iT0xrQ==",
      "license": "MIT",
      "funding": {
        "type": "github",
        "url": "https://github.com/sponsors/ueberdosis"
      },
      "peerDependencies": {
        "@tiptap/core": "^2.7.0",
        "@tiptap/pm": "^2.7.0"
      }
    },
    "node_modules/@tiptap/extension-hard-break": {
      "version": "2.11.5",
      "resolved": "https://registry.npmjs.org/@tiptap/extension-hard-break/-/extension-hard-break-2.11.5.tgz",
      "integrity": "sha512-q9doeN+Yg9F5QNTG8pZGYfNye3tmntOwch683v0CCVCI4ldKaLZ0jG3NbBTq+mosHYdgOH2rNbIORlRRsQ+iYQ==",
      "license": "MIT",
      "funding": {
        "type": "github",
        "url": "https://github.com/sponsors/ueberdosis"
      },
      "peerDependencies": {
        "@tiptap/core": "^2.7.0"
      }
    },
    "node_modules/@tiptap/extension-heading": {
      "version": "2.11.5",
      "resolved": "https://registry.npmjs.org/@tiptap/extension-heading/-/extension-heading-2.11.5.tgz",
      "integrity": "sha512-x/MV53psJ9baRcZ4k4WjnCUBMt8zCX7mPlKVT+9C/o+DEs/j/qxPLs95nHeQv70chZpSwCQCt93xMmuF0kPoAg==",
      "license": "MIT",
      "funding": {
        "type": "github",
        "url": "https://github.com/sponsors/ueberdosis"
      },
      "peerDependencies": {
        "@tiptap/core": "^2.7.0"
      }
    },
    "node_modules/@tiptap/extension-history": {
      "version": "2.11.5",
      "resolved": "https://registry.npmjs.org/@tiptap/extension-history/-/extension-history-2.11.5.tgz",
      "integrity": "sha512-b+wOS33Dz1azw6F1i9LFTEIJ/gUui0Jwz5ZvmVDpL2ZHBhq1Ui0/spTT+tuZOXq7Y/uCbKL8Liu4WoedIvhboQ==",
      "license": "MIT",
      "funding": {
        "type": "github",
        "url": "https://github.com/sponsors/ueberdosis"
      },
      "peerDependencies": {
        "@tiptap/core": "^2.7.0",
        "@tiptap/pm": "^2.7.0"
      }
    },
    "node_modules/@tiptap/extension-horizontal-rule": {
      "version": "2.11.5",
      "resolved": "https://registry.npmjs.org/@tiptap/extension-horizontal-rule/-/extension-horizontal-rule-2.11.5.tgz",
      "integrity": "sha512-3up2r1Du8/5/4ZYzTC0DjTwhgPI3dn8jhOCLu73m5F3OGvK/9whcXoeWoX103hYMnGDxBlfOje71yQuN35FL4A==",
      "license": "MIT",
      "funding": {
        "type": "github",
        "url": "https://github.com/sponsors/ueberdosis"
      },
      "peerDependencies": {
        "@tiptap/core": "^2.7.0",
        "@tiptap/pm": "^2.7.0"
      }
    },
    "node_modules/@tiptap/extension-italic": {
      "version": "2.11.5",
      "resolved": "https://registry.npmjs.org/@tiptap/extension-italic/-/extension-italic-2.11.5.tgz",
      "integrity": "sha512-9VGfb2/LfPhQ6TjzDwuYLRvw0A6VGbaIp3F+5Mql8XVdTBHb2+rhELbyhNGiGVR78CaB/EiKb6dO9xu/tBWSYA==",
      "license": "MIT",
      "funding": {
        "type": "github",
        "url": "https://github.com/sponsors/ueberdosis"
      },
      "peerDependencies": {
        "@tiptap/core": "^2.7.0"
      }
    },
    "node_modules/@tiptap/extension-list-item": {
      "version": "2.11.5",
      "resolved": "https://registry.npmjs.org/@tiptap/extension-list-item/-/extension-list-item-2.11.5.tgz",
      "integrity": "sha512-Mp5RD/pbkfW1vdc6xMVxXYcta73FOwLmblQlFNn/l/E5/X1DUSA4iGhgDDH4EWO3swbs03x2f7Zka/Xoj3+WLg==",
      "license": "MIT",
      "funding": {
        "type": "github",
        "url": "https://github.com/sponsors/ueberdosis"
      },
      "peerDependencies": {
        "@tiptap/core": "^2.7.0"
      }
    },
    "node_modules/@tiptap/extension-ordered-list": {
      "version": "2.11.5",
      "resolved": "https://registry.npmjs.org/@tiptap/extension-ordered-list/-/extension-ordered-list-2.11.5.tgz",
      "integrity": "sha512-Cu8KwruBNWAaEfshRQR0yOSaUKAeEwxW7UgbvF9cN/zZuKgK5uZosPCPTehIFCcRe+TBpRtZQh+06f/gNYpYYg==",
      "license": "MIT",
      "funding": {
        "type": "github",
        "url": "https://github.com/sponsors/ueberdosis"
      },
      "peerDependencies": {
        "@tiptap/core": "^2.7.0"
      }
    },
    "node_modules/@tiptap/extension-paragraph": {
      "version": "2.11.5",
      "resolved": "https://registry.npmjs.org/@tiptap/extension-paragraph/-/extension-paragraph-2.11.5.tgz",
      "integrity": "sha512-YFBWeg7xu/sBnsDIF/+nh9Arf7R0h07VZMd0id5Ydd2Qe3c1uIZwXxeINVtH0SZozuPIQFAT8ICe9M0RxmE+TA==",
      "license": "MIT",
      "funding": {
        "type": "github",
        "url": "https://github.com/sponsors/ueberdosis"
      },
      "peerDependencies": {
        "@tiptap/core": "^2.7.0"
      }
    },
    "node_modules/@tiptap/extension-strike": {
      "version": "2.11.5",
      "resolved": "https://registry.npmjs.org/@tiptap/extension-strike/-/extension-strike-2.11.5.tgz",
      "integrity": "sha512-PVfUiCqrjvsLpbIoVlegSY8RlkR64F1Rr2RYmiybQfGbg+AkSZXDeO0eIrc03//4gua7D9DfIozHmAKv1KN3ow==",
      "license": "MIT",
      "funding": {
        "type": "github",
        "url": "https://github.com/sponsors/ueberdosis"
      },
      "peerDependencies": {
        "@tiptap/core": "^2.7.0"
      }
    },
    "node_modules/@tiptap/extension-text": {
      "version": "2.11.5",
      "resolved": "https://registry.npmjs.org/@tiptap/extension-text/-/extension-text-2.11.5.tgz",
      "integrity": "sha512-Gq1WwyhFpCbEDrLPIHt5A8aLSlf8bfz4jm417c8F/JyU0J5dtYdmx0RAxjnLw1i7ZHE7LRyqqAoS0sl7JHDNSQ==",
      "license": "MIT",
      "funding": {
        "type": "github",
        "url": "https://github.com/sponsors/ueberdosis"
      },
      "peerDependencies": {
        "@tiptap/core": "^2.7.0"
      }
    },
    "node_modules/@tiptap/extension-text-style": {
      "version": "2.11.5",
      "resolved": "https://registry.npmjs.org/@tiptap/extension-text-style/-/extension-text-style-2.11.5.tgz",
      "integrity": "sha512-YUmYl0gILSd/u/ZkOmNxjNXVw+mu8fpC2f8G4I4tLODm0zCx09j9DDEJXSrM5XX72nxJQqtSQsCpNKnL0hfeEQ==",
      "license": "MIT",
      "funding": {
        "type": "github",
        "url": "https://github.com/sponsors/ueberdosis"
      },
      "peerDependencies": {
        "@tiptap/core": "^2.7.0"
      }
    },
    "node_modules/@tiptap/pm": {
      "version": "2.11.5",
      "resolved": "https://registry.npmjs.org/@tiptap/pm/-/pm-2.11.5.tgz",
      "integrity": "sha512-z9JFtqc5ZOsdQLd9vRnXfTCQ8v5ADAfRt9Nm7SqP6FUHII8E1hs38ACzf5xursmth/VonJYb5+73Pqxk1hGIPw==",
      "license": "MIT",
      "dependencies": {
        "prosemirror-changeset": "^2.2.1",
        "prosemirror-collab": "^1.3.1",
        "prosemirror-commands": "^1.6.2",
        "prosemirror-dropcursor": "^1.8.1",
        "prosemirror-gapcursor": "^1.3.2",
        "prosemirror-history": "^1.4.1",
        "prosemirror-inputrules": "^1.4.0",
        "prosemirror-keymap": "^1.2.2",
        "prosemirror-markdown": "^1.13.1",
        "prosemirror-menu": "^1.2.4",
        "prosemirror-model": "^1.23.0",
        "prosemirror-schema-basic": "^1.2.3",
        "prosemirror-schema-list": "^1.4.1",
        "prosemirror-state": "^1.4.3",
        "prosemirror-tables": "^1.6.3",
        "prosemirror-trailing-node": "^3.0.0",
        "prosemirror-transform": "^1.10.2",
        "prosemirror-view": "^1.37.0"
      },
      "funding": {
        "type": "github",
        "url": "https://github.com/sponsors/ueberdosis"
      }
    },
    "node_modules/@tiptap/starter-kit": {
      "version": "2.11.5",
      "resolved": "https://registry.npmjs.org/@tiptap/starter-kit/-/starter-kit-2.11.5.tgz",
      "integrity": "sha512-SLI7Aj2ruU1t//6Mk8f+fqW+18uTqpdfLUJYgwu0CkqBckrkRZYZh6GVLk/02k3H2ki7QkFxiFbZrdbZdng0JA==",
      "license": "MIT",
      "dependencies": {
        "@tiptap/core": "^2.11.5",
        "@tiptap/extension-blockquote": "^2.11.5",
        "@tiptap/extension-bold": "^2.11.5",
        "@tiptap/extension-bullet-list": "^2.11.5",
        "@tiptap/extension-code": "^2.11.5",
        "@tiptap/extension-code-block": "^2.11.5",
        "@tiptap/extension-document": "^2.11.5",
        "@tiptap/extension-dropcursor": "^2.11.5",
        "@tiptap/extension-gapcursor": "^2.11.5",
        "@tiptap/extension-hard-break": "^2.11.5",
        "@tiptap/extension-heading": "^2.11.5",
        "@tiptap/extension-history": "^2.11.5",
        "@tiptap/extension-horizontal-rule": "^2.11.5",
        "@tiptap/extension-italic": "^2.11.5",
        "@tiptap/extension-list-item": "^2.11.5",
        "@tiptap/extension-ordered-list": "^2.11.5",
        "@tiptap/extension-paragraph": "^2.11.5",
        "@tiptap/extension-strike": "^2.11.5",
        "@tiptap/extension-text": "^2.11.5",
        "@tiptap/extension-text-style": "^2.11.5",
        "@tiptap/pm": "^2.11.5"
      },
      "funding": {
        "type": "github",
        "url": "https://github.com/sponsors/ueberdosis"
      }
    },
    "node_modules/@types/linkify-it": {
      "version": "5.0.0",
      "resolved": "https://registry.npmjs.org/@types/linkify-it/-/linkify-it-5.0.0.tgz",
      "integrity": "sha512-sVDA58zAw4eWAffKOaQH5/5j3XeayukzDk+ewSsnv3p4yJEZHCCzMDiZM8e0OUrRvmpGZ85jf4yDHkHsgBNr9Q==",
      "license": "MIT"
    },
    "node_modules/@types/markdown-it": {
      "version": "14.2.0",
      "resolved": "https://registry.npmjs.org/@types/markdown-it/-/markdown-it-14.2.0.tgz",
      "integrity": "sha512-NoQ2yGlLWj4wpxMs+TYmRKk3thDrQ97agr7sFqfLsAlvoS8SNQuTrlObhFqG9iugdTtgOE9jpJ6FNM4ZGsa5xQ==",
      "license": "MIT",
      "dependencies": {
        "@types/linkify-it": "^5",
        "@types/mdurl": "^2"
      }
    },
    "node_modules/@types/mdurl": {
      "version": "2.0.0",
      "resolved": "https://registry.npmjs.org/@types/mdurl/-/mdurl-2.0.0.tgz",
      "integrity": "sha512-RGdgjQUZba5p6QEFAVx2OGb8rQDL/cPRG7GiedRzMcJ1tYnUANBncjbSB1NRGwbvjcPeikRABz2nshyPk1bhWg==",
      "license": "MIT"
    },
    "node_modules/argparse": {
      "version": "2.0.1",
      "resolved": "https://registry.npmjs.org/argparse/-/argparse-2.0.1.tgz",
      "integrity": "sha512-8+9WqebbFzpX9OR+Wa6O29asIogeRMzcGtAINdpMHHyAg10f05aSFVBbcEqGf/PXw1EjAZ+q2/bEBg3DvurK3Q==",
      "license": "Python-2.0"
    },
    "node_modules/crelt": {
      "version": "1.0.7",
      "resolved": "https://registry.npmjs.org/crelt/-/crelt-1.0.7.tgz",
      "integrity": "sha512-aK6BbWfhf4U/wCcLHKPJl/xa6VkVstRaPywWtMKGwuOLc/wZTyQYuoxgvZnNsBvv7Kg3YTBQYYBCggcviQczuA==",
      "license": "MIT"
    },
    "node_modules/entities": {
      "version": "4.5.0",
      "resolved": "https://registry.npmjs.org/entities/-/entities-4.5.0.tgz",
      "integrity": "sha512-V0hjH4dGPh9Ao5p0MoRY6BVqtwCjhz6vI5LT8AJ55H+4g9/4vbHx1I54fS0XuclLhDHArPQCiMjDxjaL8fPxhw==",
      "license": "BSD-2-Clause",
      "engines": {
        "node": ">=0.12"
      },
      "funding": {
        "url": "https://github.com/fb55/entities?sponsor=1"
      }
    },
    "node_modules/escape-string-regexp": {
      "version": "4.0.0",
      "resolved": "https://registry.npmjs.org/escape-string-regexp/-/escape-string-regexp-4.0.0.tgz",
      "integrity": "sha512-TtpcNJ3XAzx3Gq8sWRzJaVajRs0uVxA2YAkdb1jm2YkPz4G6egUFAyA3n5vtEIZefPk5Wa4UXbKuS5fKkJWdgA==",
      "license": "MIT",
      "engines": {
        "node": ">=10"
      },
      "funding": {
        "url": "https://github.com/sponsors/sindresorhus"
      }
    },
    "node_modules/linkify-it": {
      "version": "5.0.2",
      "resolved": "https://registry.npmjs.org/linkify-it/-/linkify-it-5.0.2.tgz",
      "integrity": "sha512-ONTm2jCMAVZjgQa/Fy1kScXsuOoF5NPTsoFBdE1KVIZ2vAh/r9+Bqo+0jINCBYnavTPQZz38QzFTme79ENoN3Q==",
      "funding": [
        {
          "type": "github",
          "url": "https://github.com/sponsors/puzrin"
        },
        {
          "type": "github",
          "url": "https://github.com/sponsors/markdown-it"
        }
      ],
      "license": "MIT",
      "dependencies": {
        "uc.micro": "^2.0.0"
      }
    },
    "node_modules/markdown-it": {
      "version": "14.3.2",
      "resolved": "https://registry.npmjs.org/markdown-it/-/markdown-it-14.3.2.tgz",
      "integrity": "sha512-sHHjZ5fJKlgrG4qns2YwVcdNep35h5fERrfkD2YNsb9UFk0UIHarbiTaHKVMlPuWAoiilyK8Fv/jAm11slsY7Q==",
      "funding": [
        {
          "type": "github",
          "url": "https://github.com/sponsors/puzrin"
        },
        {
          "type": "github",
          "url": "https://github.com/sponsors/markdown-it"
        }
      ],
      "license": "MIT",
      "dependencies": {
        "argparse": "^2.0.1",
        "entities": "^4.5.0",
        "linkify-it": "^5.0.2",
        "mdurl": "^2.0.0",
        "punycode.js": "^2.3.1",
        "uc.micro": "^2.1.0"
      },
      "bin": {
        "markdown-it": "bin/markdown-it.mjs"
      }
    },
    "node_modules/mdurl": {
      "version": "2.1.0",
      "resolved": "https://registry.npmjs.org/mdurl/-/mdurl-2.1.0.tgz",
      "integrity": "sha512-1+HBaOx0zi/dQWht8rNv9MYf9qqpqL/kxI0hXImU6Y547zM6Sni8BQibt7ifgMcYtQg41ao3Ivd6cnSM86inpg==",
      "license": "MIT"
    },
    "node_modules/orderedmap": {
      "version": "2.1.1",
      "resolved": "https://registry.npmjs.org/orderedmap/-/orderedmap-2.1.1.tgz",
      "integrity": "sha512-TvAWxi0nDe1j/rtMcWcIj94+Ffe6n7zhow33h40SKxmsmozs6dz/e+EajymfoFcHd7sxNn8yHM8839uixMOV6g==",
      "license": "MIT"
    },
    "node_modules/prosemirror-changeset": {
      "version": "2.4.4",
      "resolved": "https://registry.npmjs.org/prosemirror-changeset/-/prosemirror-changeset-2.4.4.tgz",
      "integrity": "sha512-Gyuz9jYdrAeA9I7AholyOes9KUmv/lEwsC5O9s5xF5VB3EgTPsXMGUxz4+H1B+wKVPdZbvRcg1Cp3x8qX+8ofA==",
      "license": "MIT",
      "dependencies": {
        "prosemirror-transform": "^1.0.0"
      }
    },
    "node_modules/prosemirror-collab": {
      "version": "1.3.1",
      "resolved": "https://registry.npmjs.org/prosemirror-collab/-/prosemirror-collab-1.3.1.tgz",
      "integrity": "sha512-4SnynYR9TTYaQVXd/ieUvsVV4PDMBzrq2xPUWutHivDuOshZXqQ5rGbZM84HEaXKbLdItse7weMGOUdDVcLKEQ==",
      "license": "MIT",
      "dependencies": {
        "prosemirror-state": "^1.0.0"
      }
    },
    "node_modules/prosemirror-commands": {
      "version": "1.7.2",
      "resolved": "https://registry.npmjs.org/prosemirror-commands/-/prosemirror-commands-1.7.2.tgz",
      "integrity": "sha512-q6Q6szxqdu9Xd6EcdKsqXghu5nQdZTpB4Q9yd04WRc7/jt763e/rT60Owh0L1GYY+T46o5rD+9lEN36dZS43tw==",
      "license": "MIT",
      "dependencies": {
        "prosemirror-model": "^1.0.0",
        "prosemirror-state": "^1.0.0",
        "prosemirror-transform": "^1.10.2"
      }
    },
    "node_modules/prosemirror-dropcursor": {
      "version": "1.8.4",
      "resolved": "https://registry.npmjs.org/prosemirror-dropcursor/-/prosemirror-dropcursor-1.8.4.tgz",
      "integrity": "sha512-VmKxhcA6a+h5oPSYmfF1ZNeQqPbyYaIxqZsKqeYCyTlPtrjUgNaHL3P8vVaO19oqAV0zuaM/axkowZHrB1P3Tg==",
      "license": "MIT",
      "dependencies": {
        "prosemirror-state": "^1.0.0",
        "prosemirror-transform": "^1.1.0",
        "prosemirror-view": "^1.1.0"
      }
    },
    "node_modules/prosemirror-gapcursor": {
      "version": "1.4.1",
      "resolved": "https://registry.npmjs.org/prosemirror-gapcursor/-/prosemirror-gapcursor-1.4.1.tgz",
      "integrity": "sha512-pMdYaEnjNMSwl11yjEGtgTmLkR08m/Vl+Jj443167p9eB3HVQKhYCc4gmHVDsLPODfZfjr/MmirsdyZziXbQKw==",
      "license": "MIT",
      "dependencies": {
        "prosemirror-keymap": "^1.0.0",
        "prosemirror-model": "^1.0.0",
        "prosemirror-state": "^1.0.0",
        "prosemirror-view": "^1.0.0"
      }
    },
    "node_modules/prosemirror-history": {
      "version": "1.5.1",
      "resolved": "https://registry.npmjs.org/prosemirror-history/-/prosemirror-history-1.5.1.tgz",
      "integrity": "sha512-onlwnqKvgtFg6srZOmDOAhlAy1FIHQpOExORybX0S+DvJepE5tPALrB9iGet/2sqqqrelSnB10OoiOJqAvu2DA==",
      "license": "MIT",
      "dependencies": {
        "prosemirror-state": "^1.2.2",
        "prosemirror-transform": "^1.0.0",
        "prosemirror-view": "^1.31.0",
        "rope-sequence": "^1.3.0"
      }
    },
    "node_modules/prosemirror-inputrules": {
      "version": "1.5.1",
      "resolved": "https://registry.npmjs.org/prosemirror-inputrules/-/prosemirror-inputrules-1.5.1.tgz",
      "integrity": "sha512-7wj4uMjKaXWAQ1CDgxNzNtR9AlsuwzHfdFH1ygEHA2KHF2DOEaXl1CJfNPAKCg9qNEh4rum975QLaCiQPyY6Fw==",
      "license": "MIT",
      "dependencies": {
        "prosemirror-state": "^1.0.0",
        "prosemirror-transform": "^1.0.0"
      }
    },
    "node_modules/prosemirror-keymap": {
      "version": "1.2.3",
      "resolved": "https://registry.npmjs.org/prosemirror-keymap/-/prosemirror-keymap-1.2.3.tgz",
      "integrity": "sha512-4HucRlpiLd1IPQQXNqeo81BGtkY8Ai5smHhKW9jjPKRc2wQIxksg7Hl1tTI2IfT2B/LgX6bfYvXxEpJl7aKYKw==",
      "license": "MIT",
      "dependencies": {
        "prosemirror-state": "^1.0.0",
        "w3c-keyname": "^2.2.0"
      }
    },
    "node_modules/prosemirror-markdown": {
      "version": "1.13.8",
      "resolved": "https://registry.npmjs.org/prosemirror-markdown/-/prosemirror-markdown-1.13.8.tgz",
      "integrity": "sha512-Zi43BXX28jmxDJKvk8TDS2gMkBY/mgP8ynd6l/Vxrv8rgNFs5hsV1G0VscxTID1UCzVPcidADP9fUOBY3xxUeA==",
      "license": "MIT",
      "dependencies": {
        "@types/markdown-it": "^14.0.0",
        "markdown-it": "^14.0.0",
        "prosemirror-model": "^1.25.0"
      }
    },
    "node_modules/prosemirror-menu": {
      "version": "1.3.2",
      "resolved": "https://registry.npmjs.org/prosemirror-menu/-/prosemirror-menu-1.3.2.tgz",
      "integrity": "sha512-6VgUJTYod0nMBlCaYJGhXGLu7Gt4AvcwcOq0YfJCY/6Uh+3S7UsWhpy6rJFCBFOmonq1hD8KyWOtZhkppd4YPg==",
      "license": "MIT",
      "dependencies": {
        "crelt": "^1.0.0",
        "prosemirror-commands": "^1.0.0",
        "prosemirror-history": "^1.0.0",
        "prosemirror-state": "^1.0.0"
      }
    },
    "node_modules/prosemirror-model": {
      "version": "1.25.12",
      "resolved": "https://registry.npmjs.org/prosemirror-model/-/prosemirror-model-1.25.12.tgz",
      "integrity": "sha512-Ue2gTmXMa7EhpLNhC7J+h4+ykD8ha12K6rrZFFKKJHBForfIStw5gJ6Zrf1mqqAa9NmpmEB4wp9bKmA4eUVjWg==",
      "license": "MIT",
      "dependencies": {
        "orderedmap": "^2.0.0"
      }
    },
    "node_modules/prosemirror-schema-basic": {
      "version": "1.2.5",
      "resolved": "https://registry.npmjs.org/prosemirror-schema-basic/-/prosemirror-schema-basic-1.2.5.tgz",
      "integrity": "sha512-McBWhfgOfThyu3Nltbs8SOUbM4t/h0pxteibaaHd1QR4S+F1t0u7M1ETaCE6/cveFoF+2fowTIBNkJOyeZQjNg==",
      "license": "MIT",
      "dependencies": {
        "prosemirror-model": "^1.25.0"
      }
    },
    "node_modules/prosemirror-schema-list": {
      "version": "1.5.1",
      "resolved": "https://registry.npmjs.org/prosemirror-schema-list/-/prosemirror-schema-list-1.5.1.tgz",
      "integrity": "sha512-927lFx/uwyQaGwJxLWCZRkjXG0p48KpMj6ueoYiu4JX05GGuGcgzAy62dfiV8eFZftgyBUvLx76RsMe20fJl+Q==",
      "license": "MIT",
      "dependencies": {
        "prosemirror-model": "^1.0.0",
        "prosemirror-state": "^1.0.0",
        "prosemirror-transform": "^1.7.3"
      }
    },
    "node_modules/prosemirror-state": {
      "version": "1.4.3",
      "resolved": "https://registry.npmjs.org/prosemirror-state/-/prosemirror-state-1.4.3.tgz",
      "integrity": "sha512-goFKORVbvPuAQaXhpbemJFRKJ2aixr+AZMGiquiqKxaucC6hlpHNZHWgz5R7dS4roHiwq9vDctE//CZ++o0W1Q==",
      "license": "MIT",
      "dependencies": {
        "prosemirror-model": "^1.0.0",
        "prosemirror-transform": "^1.0.0",
        "prosemirror-view": "^1.27.0"
      }
    },
    "node_modules/prosemirror-tables": {
      "version": "1.8.5",
      "resolved": "https://registry.npmjs.org/prosemirror-tables/-/prosemirror-tables-1.8.5.tgz",
      "integrity": "sha512-V/0cDCsHKHe/tfWkeCmthNUcEp1IVO3p6vwN8XtwE9PZQLAZJigbw3QoraAdfJPir4NKJtNvOB8oYGKRl+t0Dw==",
      "license": "MIT",
      "dependencies": {
        "prosemirror-keymap": "^1.2.3",
        "prosemirror-model": "^1.25.4",
        "prosemirror-state": "^1.4.4",
        "prosemirror-transform": "^1.10.5",
        "prosemirror-view": "^1.41.4"
      }
    },
    "node_modules/prosemirror-tables/node_modules/prosemirror-state": {
      "version": "1.4.4",
      "resolved": "https://registry.npmjs.org/prosemirror-state/-/prosemirror-state-1.4.4.tgz",
      "integrity": "sha512-6jiYHH2CIGbCfnxdHbXZ12gySFY/fz/ulZE333G6bPqIZ4F+TXo9ifiR86nAHpWnfoNjOb3o5ESi7J8Uz1jXHw==",
      "license": "MIT",
      "dependencies": {
        "prosemirror-model": "^1.0.0",
        "prosemirror-transform": "^1.0.0",
        "prosemirror-view": "^1.27.0"
      }
    },
    "node_modules/prosemirror-trailing-node": {
      "version": "3.0.0",
      "resolved": "https://registry.npmjs.org/prosemirror-trailing-node/-/prosemirror-trailing-node-3.0.0.tgz",
      "integrity": "sha512-xiun5/3q0w5eRnGYfNlW1uU9W6x5MoFKWwq/0TIRgt09lv7Hcser2QYV8t4muXbEr+Fwo0geYn79Xs4GKywrRQ==",
      "license": "MIT",
      "dependencies": {
        "@remirror/core-constants": "3.0.0",
        "escape-string-regexp": "^4.0.0"
      },
      "peerDependencies": {
        "prosemirror-model": "^1.22.1",
        "prosemirror-state": "^1.4.2",
        "prosemirror-view": "^1.33.8"
      }
    },
    "node_modules/prosemirror-transform": {
      "version": "1.12.2",
      "resolved": "https://registry.npmjs.org/prosemirror-transform/-/prosemirror-transform-1.12.2.tgz",
      "integrity": "sha512-PE/aY0HEY4zczvmqrilgkUK/WautF0chvMqkmM/iN5/aPHvwrCWaQZjS6CIZp+K84YrvPFqrL+YArrfJX8xX7g==",
      "license": "MIT",
      "dependencies": {
        "prosemirror-model": "^1.21.0"
      }
    },
    "node_modules/prosemirror-view": {
      "version": "1.42.6",
      "resolved": "https://registry.npmjs.org/prosemirror-view/-/prosemirror-view-1.42.6.tgz",
      "integrity": "sha512-3g25f6hKV2bBxo3puH3EcYWmmVNSH0iWmNsMVT7sugDSpA025jgpOLarcDWr39SdzPjYMaiYtRdNtXialPSjEQ==",
      "license": "MIT",
      "dependencies": {
        "prosemirror-model": "^1.25.12",
        "prosemirror-state": "^1.0.0",
        "prosemirror-transform": "^1.1.0"
      }
    },
    "node_modules/punycode.js": {
      "version": "2.3.1",
      "resolved": "https://registry.npmjs.org/punycode.js/-/punycode.js-2.3.1.tgz",
      "integrity": "sha512-uxFIHU0YlHYhDQtV4R9J6a52SLx28BCjT+4ieh7IGbgwVJWO+km431c4yRlREUAsAmt/uMjQUyQHNEPf0M39CA==",
      "license": "MIT",
      "engines": {
        "node": ">=6"
      }
    },
    "node_modules/rope-sequence": {
      "version": "1.3.4",
      "resolved": "https://registry.npmjs.org/rope-sequence/-/rope-sequence-1.3.4.tgz",
      "integrity": "sha512-UT5EDe2cu2E/6O4igUr5PSFs23nvvukicWHx6GnOPlHAiiYbzNuCRQCuiUdHJQcqKalLKlrYJnjY0ySGsXNQXQ==",
      "license": "MIT"
    },
    "node_modules/uc.micro": {
      "version": "2.1.0",
      "resolved": "https://registry.npmjs.org/uc.micro/-/uc.micro-2.1.0.tgz",
      "integrity": "sha512-ARDJmphmdvUk6Glw7y9DQ2bFkKBHwQHLi2lsaH6PPmz/Ka9sFOBsBluozhDltWmnv9u/cF6Rt87znRTPV+yp/A==",
      "license": "MIT"
    },
    "node_modules/w3c-keyname": {
      "version": "2.2.8",
      "resolved": "https://registry.npmjs.org/w3c-keyname/-/w3c-keyname-2.2.8.tgz",
      "integrity": "sha512-dpojBhNsCNN7T82Tm7k26A6G9ML3NkhDsnw9n/eoxSRlVBB4CEtIQ/KTCLI2Fwf3ataSXRhYFkQi3SlnFwPvPQ==",
      "license": "MIT"
    }
  }
}
